{
  "version": 4,
  "terraform_version": "1.16.0",
  "serial": 63,
  "lineage": "f875c366-0442-7312-f6b1-561cd8d90273",
  "outputs": {},
  "resources": [
    {
      "mode": "managed",
      "type": "lxd_instance",
      "name": "srv_db",
      "provider": "provider[\"registry.terraform.io/terraform-lxd/lxd\"]",
      "instances": [
        {
          "schema_version": 0,
          "attributes": {
            "config": {},
            "description": "",
            "device": [
              {
                "name": "eth0",
                "properties": {
                  "ipv4.address": "10.0.20.10",
                  "network": "red-tf"
                },
                "type": "nic"
              }
            ],
            "ephemeral": false,
            "execs": null,
            "file": [],
            "image": "ubuntu:24.04",
            "interfaces": {
              "eth0": {
                "ips": [
                  {
                    "address": "10.0.20.10",
                    "family": "inet",
                    "scope": "global"
                  },
                  {
                    "address": "fe80::216:3eff:fef7:2188",
                    "family": "inet6",
                    "scope": "link"
                  }
                ],
                "name": "eth0",
                "state": "up",
                "type": "broadcast"
              }
            },
            "ipv4_address": "10.0.20.10",
            "ipv6_address": null,
            "limits": {},
            "mac_address": "00:16:3e:f7:21:88",
            "name": "srv-db-tf",
            "profiles": [
              "default",
              "perfil-ansible"
            ],
            "project": null,
            "remote": null,
            "running": true,
            "status": "Running",
            "target": "",
            "timeouts": null,
            "type": "container",
            "wait_for_network": true
          },
          "sensitive_attributes": [],
          "identity_schema_version": 0,
          "dependencies": [
            "lxd_network.red_practica",
            "lxd_profile.perfil_ansible"
          ]
        }
      ]
    },
    {
      "mode": "managed",
      "type": "lxd_instance",
      "name": "srv_lb",
      "provider": "provider[\"registry.terraform.io/terraform-lxd/lxd\"]",
      "instances": [
        {
          "schema_version": 0,
          "attributes": {
            "config": {},
            "description": "",
            "device": [
              {
                "name": "eth0",
                "properties": {
                  "ipv4.address": "10.0.20.30",
                  "network": "red-tf"
                },
                "type": "nic"
              },
              {
                "name": "puerto8080",
                "properties": {
                  "connect": "tcp:127.0.0.1:80",
                  "listen": "tcp:0.0.0.0:8080"
                },
                "type": "proxy"
              }
            ],
            "ephemeral": false,
            "execs": null,
            "file": [],
            "image": "ubuntu:24.04",
            "interfaces": {
              "eth0": {
                "ips": [
                  {
                    "address": "10.0.20.30",
                    "family": "inet",
                    "scope": "global"
                  },
                  {
                    "address": "fe80::216:3eff:fe17:92bc",
                    "family": "inet6",
                    "scope": "link"
                  }
                ],
                "name": "eth0",
                "state": "up",
                "type": "broadcast"
              }
            },
            "ipv4_address": "10.0.20.30",
            "ipv6_address": null,
            "limits": {},
            "mac_address": "00:16:3e:17:92:bc",
            "name": "srv-lb-tf",
            "profiles": [
              "default",
              "perfil-ansible"
            ],
            "project": null,
            "remote": null,
            "running": true,
            "status": "Running",
            "target": "",
            "timeouts": null,
            "type": "container",
            "wait_for_network": true
          },
          "sensitive_attributes": [],
          "identity_schema_version": 0,
          "dependencies": [
            "lxd_network.red_practica",
            "lxd_profile.perfil_ansible"
          ]
        }
      ]
    },
    {
      "mode": "managed",
      "type": "lxd_instance",
      "name": "srv_web",
      "provider": "provider[\"registry.terraform.io/terraform-lxd/lxd\"]",
      "instances": [
        {
          "index_key": 0,
          "schema_version": 0,
          "attributes": {
            "config": {},
            "description": "",
            "device": [
              {
                "name": "eth0",
                "properties": {
                  "ipv4.address": "10.0.20.21",
                  "network": "red-tf"
                },
                "type": "nic"
              }
            ],
            "ephemeral": false,
            "execs": null,
            "file": [],
            "image": "ubuntu:24.04",
            "interfaces": {
              "eth0": {
                "ips": [
                  {
                    "address": "10.0.20.21",
                    "family": "inet",
                    "scope": "global"
                  },
                  {
                    "address": "fe80::216:3eff:fea4:490a",
                    "family": "inet6",
                    "scope": "link"
                  }
                ],
                "name": "eth0",
                "state": "up",
                "type": "broadcast"
              }
            },
            "ipv4_address": "10.0.20.21",
            "ipv6_address": null,
            "limits": {},
            "mac_address": "00:16:3e:a4:49:0a",
            "name": "srv-web-tf-1",
            "profiles": [
              "default",
              "perfil-ansible"
            ],
            "project": null,
            "remote": null,
            "running": true,
            "status": "Running",
            "target": "",
            "timeouts": null,
            "type": "container",
            "wait_for_network": true
          },
          "sensitive_attributes": [],
          "identity_schema_version": 0,
          "dependencies": [
            "lxd_network.red_practica",
            "lxd_profile.perfil_ansible"
          ]
        },
        {
          "index_key": 1,
          "schema_version": 0,
          "attributes": {
            "config": {},
            "description": "",
            "device": [
              {
                "name": "eth0",
                "properties": {
                  "ipv4.address": "10.0.20.22",
                  "network": "red-tf"
                },
                "type": "nic"
              }
            ],
            "ephemeral": false,
            "execs": null,
            "file": [],
            "image": "ubuntu:24.04",
            "interfaces": {
              "eth0": {
                "ips": [
                  {
                    "address": "10.0.20.22",
                    "family": "inet",
                    "scope": "global"
                  },
                  {
                    "address": "fe80::216:3eff:fef6:dac4",
                    "family": "inet6",
                    "scope": "link"
                  }
                ],
                "name": "eth0",
                "state": "up",
                "type": "broadcast"
              }
            },
            "ipv4_address": "10.0.20.22",
            "ipv6_address": null,
            "limits": {},
            "mac_address": "00:16:3e:f6:da:c4",
            "name": "srv-web-tf-2",
            "profiles": [
              "default",
              "perfil-ansible"
            ],
            "project": null,
            "remote": null,
            "running": true,
            "status": "Running",
            "target": "",
            "timeouts": null,
            "type": "container",
            "wait_for_network": true
          },
          "sensitive_attributes": [],
          "identity_schema_version": 0,
          "dependencies": [
            "lxd_network.red_practica",
            "lxd_profile.perfil_ansible"
          ]
        }
      ]
    },
    {
      "mode": "managed",
      "type": "lxd_network",
      "name": "red_practica",
      "provider": "provider[\"registry.terraform.io/terraform-lxd/lxd\"]",
      "instances": [
        {
          "schema_version": 0,
          "attributes": {
            "config": {
              "ipv4.address": "10.0.20.1/24",
              "ipv4.firewall": "false",
              "ipv4.nat": "true",
              "ipv6.address": "none"
            },
            "description": "",
            "managed": true,
            "name": "red-tf",
            "project": null,
            "remote": null,
            "target": null,
            "type": "bridge"
          },
          "sensitive_attributes": [],
          "identity_schema_version": 0
        }
      ]
    },
    {
      "mode": "managed",
      "type": "lxd_profile",
      "name": "perfil_ansible",
      "provider": "provider[\"registry.terraform.io/terraform-lxd/lxd\"]",
      "instances": [
        {
          "schema_version": 0,
          "attributes": {
            "config": {
              "user.user-data": "#cloud-config\npackage_update: true\npackages:\n  - openssh-server\nruncmd:\n  - echo \"nameserver 8.8.8.8\" \u003e /etc/resolv.conf\n  - systemctl enable --now ssh\n  # Permitir acceso directo como root para facilitar la práctica local\n  - sed -i 's/#PermitRootLogin prohibit-password/PermitRootLogin yes/g' /etc/ssh/sshd_config\n  - sed -i 's/PermitRootLogin prohibit-password/PermitRootLogin yes/g' /etc/ssh/sshd_config\n  - echo \"root:PasswordSegura123\" | chpasswd\n  - systemctl restart ssh\n"
            },
            "description": "",
            "device": [],
            "name": "perfil-ansible",
            "project": null,
            "remote": null
          },
          "sensitive_attributes": [],
          "identity_schema_version": 0
        }
      ]
    }
  ],
  "check_results": null
}
