{
  "version": 4,
  "terraform_version": "1.16.0",
  "serial": 105,
  "lineage": "f875c366-0442-7312-f6b1-561cd8d90273",
  "outputs": {},
  "resources": [
    {
      "mode": "managed",
      "type": "lxd_instance",
      "name": "srv_db",
      "provider": "provider[\"registry.terraform.io/terraform-lxd/lxd\"]",
      "instances": [
        {
          "schema_version": 0,
          "attributes": {
            "config": {},
            "description": "",
            "device": [
              {
                "name": "eth0",
                "properties": {
                  "ipv4.address": "10.0.20.10",
                  "network": "red-tf"
                },
                "type": "nic"
              }
            ],
            "ephemeral": false,
            "execs": null,
            "file": [],
            "image": "ubuntu:24.04",
            "interfaces": {
              "eth0": {
                "ips": [
                  {
                    "address": "10.0.20.10",
                    "family": "inet",
                    "scope": "global"
                  },
                  {
                    "address": "fe80::216:3eff:fef5:1de5",
                    "family": "inet6",
                    "scope": "link"
                  }
                ],
                "name": "eth0",
                "state": "up",
                "type": "broadcast"
              }
            },
            "ipv4_address": "10.0.20.10",
            "ipv6_address": null,
            "limits": {},
            "mac_address": "00:16:3e:f5:1d:e5",
            "name": "srv-db-tf",
            "profiles": [
              "default",
              "perfil-docker"
            ],
            "project": null,
            "remote": null,
            "running": true,
            "status": "Running",
            "target": "",
            "timeouts": null,
            "type": "container",
            "wait_for_network": true
          },
          "sensitive_attributes": [],
          "identity_schema_version": 0,
          "dependencies": [
            "lxd_network.red_practica",
            "lxd_profile.perfil_docker"
          ]
        }
      ]
    },
    {
      "mode": "managed",
      "type": "lxd_instance",
      "name": "srv_lb",
      "provider": "provider[\"registry.terraform.io/terraform-lxd/lxd\"]",
      "instances": [
        {
          "schema_version": 0,
          "attributes": {
            "config": {},
            "description": "",
            "device": [
              {
                "name": "eth0",
                "properties": {
                  "ipv4.address": "10.0.20.30",
                  "network": "red-tf"
                },
                "type": "nic"
              },
              {
                "name": "puerto8080",
                "properties": {
                  "connect": "tcp:127.0.0.1:80",
                  "listen": "tcp:0.0.0.0:8080"
                },
                "type": "proxy"
              }
            ],
            "ephemeral": false,
            "execs": null,
            "file": [],
            "image": "ubuntu:24.04",
            "interfaces": {
              "eth0": {
                "ips": [
                  {
                    "address": "10.0.20.30",
                    "family": "inet",
                    "scope": "global"
                  },
                  {
                    "address": "fe80::216:3eff:fe65:adc4",
                    "family": "inet6",
                    "scope": "link"
                  }
                ],
                "name": "eth0",
                "state": "up",
                "type": "broadcast"
              }
            },
            "ipv4_address": "10.0.20.30",
            "ipv6_address": null,
            "limits": {},
            "mac_address": "00:16:3e:65:ad:c4",
            "name": "srv-lb-tf",
            "profiles": [
              "default",
              "perfil-docker"
            ],
            "project": null,
            "remote": null,
            "running": true,
            "status": "Running",
            "target": "",
            "timeouts": null,
            "type": "container",
            "wait_for_network": true
          },
          "sensitive_attributes": [],
          "identity_schema_version": 0,
          "dependencies": [
            "lxd_network.red_practica",
            "lxd_profile.perfil_docker"
          ]
        }
      ]
    },
    {
      "mode": "managed",
      "type": "lxd_instance",
      "name": "srv_web",
      "provider": "provider[\"registry.terraform.io/terraform-lxd/lxd\"]",
      "instances": [
        {
          "index_key": 0,
          "schema_version": 0,
          "attributes": {
            "config": {},
            "description": "",
            "device": [
              {
                "name": "eth0",
                "properties": {
                  "ipv4.address": "10.0.20.21",
                  "network": "red-tf"
                },
                "type": "nic"
              }
            ],
            "ephemeral": false,
            "execs": null,
            "file": [],
            "image": "ubuntu:24.04",
            "interfaces": {
              "eth0": {
                "ips": [
                  {
                    "address": "10.0.20.21",
                    "family": "inet",
                    "scope": "global"
                  },
                  {
                    "address": "fe80::216:3eff:fe2d:abae",
                    "family": "inet6",
                    "scope": "link"
                  }
                ],
                "name": "eth0",
                "state": "up",
                "type": "broadcast"
              }
            },
            "ipv4_address": "10.0.20.21",
            "ipv6_address": null,
            "limits": {},
            "mac_address": "00:16:3e:2d:ab:ae",
            "name": "srv-web-tf-1",
            "profiles": [
              "default",
              "perfil-docker"
            ],
            "project": null,
            "remote": null,
            "running": true,
            "status": "Running",
            "target": "",
            "timeouts": null,
            "type": "container",
            "wait_for_network": true
          },
          "sensitive_attributes": [],
          "identity_schema_version": 0,
          "dependencies": [
            "lxd_network.red_practica",
            "lxd_profile.perfil_docker"
          ]
        },
        {
          "index_key": 1,
          "schema_version": 0,
          "attributes": {
            "config": {},
            "description": "",
            "device": [
              {
                "name": "eth0",
                "properties": {
                  "ipv4.address": "10.0.20.22",
                  "network": "red-tf"
                },
                "type": "nic"
              }
            ],
            "ephemeral": false,
            "execs": null,
            "file": [],
            "image": "ubuntu:24.04",
            "interfaces": {
              "eth0": {
                "ips": [
                  {
                    "address": "10.0.20.22",
                    "family": "inet",
                    "scope": "global"
                  },
                  {
                    "address": "fe80::216:3eff:fecd:5a1a",
                    "family": "inet6",
                    "scope": "link"
                  }
                ],
                "name": "eth0",
                "state": "up",
                "type": "broadcast"
              }
            },
            "ipv4_address": "10.0.20.22",
            "ipv6_address": null,
            "limits": {},
            "mac_address": "00:16:3e:cd:5a:1a",
            "name": "srv-web-tf-2",
            "profiles": [
              "default",
              "perfil-docker"
            ],
            "project": null,
            "remote": null,
            "running": true,
            "status": "Running",
            "target": "",
            "timeouts": null,
            "type": "container",
            "wait_for_network": true
          },
          "sensitive_attributes": [],
          "identity_schema_version": 0,
          "dependencies": [
            "lxd_network.red_practica",
            "lxd_profile.perfil_docker"
          ]
        }
      ]
    },
    {
      "mode": "managed",
      "type": "lxd_network",
      "name": "red_practica",
      "provider": "provider[\"registry.terraform.io/terraform-lxd/lxd\"]",
      "instances": [
        {
          "schema_version": 0,
          "attributes": {
            "config": {
              "ipv4.address": "10.0.20.1/24",
              "ipv4.firewall": "false",
              "ipv4.nat": "true",
              "ipv6.address": "none"
            },
            "description": "",
            "managed": true,
            "name": "red-tf",
            "project": null,
            "remote": null,
            "target": null,
            "type": "bridge"
          },
          "sensitive_attributes": [],
          "identity_schema_version": 0
        }
      ]
    },
    {
      "mode": "managed",
      "type": "lxd_profile",
      "name": "perfil_docker",
      "provider": "provider[\"registry.terraform.io/terraform-lxd/lxd\"]",
      "instances": [
        {
          "schema_version": 0,
          "attributes": {
            "config": {
              "security.nesting": "true",
              "security.privileged": "true",
              "user.user-data": "#cloud-config\npackage_update: true\npackages:\n  - docker.io\nruncmd:\n  - echo \"nameserver 8.8.8.8\" \u003e /etc/resolv.conf\n  - systemctl enable --now docker\n"
            },
            "description": "",
            "device": [],
            "name": "perfil-docker",
            "project": null,
            "remote": null
          },
          "sensitive_attributes": [],
          "identity_schema_version": 0
        }
      ]
    }
  ],
  "check_results": null
}
